<?xml version="1.0" encoding="utf-8"?>
<Project ToolsVersion="4.0" xmlns="http://schemas.microsoft.com/developer/msbuild/2003">
  <ItemGroup>
    <Filter Include="Source Files">
      <UniqueIdentifier>{4FC737F1-C7A5-4376-A066-2A32D752A2FF}</UniqueIdentifier>
      <Extensions>cpp;c;cc;cxx;def;odl;idl;hpj;bat;asm;asmx</Extensions>
    </Filter>
    <Filter Include="Header Files">
      <UniqueIdentifier>{93995380-89BD-4b04-88EB-625FBE52EBFB}</UniqueIdentifier>
      <Extensions>h;hpp;hxx;hm;inl;inc;xsd</Extensions>
    </Filter>
    <Filter Include="lib">
      <UniqueIdentifier>{304d062c-f962-4591-82ca-4825d271283f}</UniqueIdentifier>
    </Filter>
    <Filter Include="Source Files\Resource Files">
      <UniqueIdentifier>{67DA6AB6-F800-4c08-8B7A-83BB121AAD01}</UniqueIdentifier>
      <Extensions>rc;ico;cur;bmp;dlg;rc2;rct;bin;rgs;gif;jpg;jpeg;jpe;resx;tiff;tif;png;wav;mfcribbon-ms</Extensions>
    </Filter>
  </ItemGroup>
  <ItemGroup>
    <ClInclude Include="stdafx.h">
      <Filter>Header Files</Filter>
    </ClInclude>
    <ClInclude Include="JNAfunctions.h">
      <Filter>Header Files</Filter>
    </ClInclude>
    <ClInclude Include="Logger.h">
      <Filter>Header Files</Filter>
    </ClInclude>
    <ClInclude Include="FMUlogger.h">
      <Filter>Header Files</Filter>
    </ClInclude>
    <ClInclude Include="enums.h">
      <Filter>Header Files</Filter>
    </ClInclude>
    <ClInclude Include="Utils.h">
      <Filter>Header Files</Filter>
    </ClInclude>
    <ClInclude Include=".\Config.h">
      <Filter>Header Files</Filter>
    </ClInclude>
    <ClInclude Include=".\model\TypeDefFactory.h">
      <Filter>Header Files</Filter>
    </ClInclude>
    <ClInclude Include=".\model\structs.h">
      <Filter>Header Files</Filter>
    </ClInclude>
    <ClInclude Include=".\model\ResultOfStep.h">
      <Filter>Header Files</Filter>
    </ClInclude>
    <ClInclude Include=".\qtronic\fmi_cs.h">
      <Filter>Header Files</Filter>
    </ClInclude>
    <ClInclude Include=".\qtronic\fmiFunctions.h">
      <Filter>Header Files</Filter>
    </ClInclude>
    <ClInclude Include=".\qtronic\fmiModelFunctions.h">
      <Filter>Header Files</Filter>
    </ClInclude>
    <ClInclude Include=".\qtronic\fmiModelTypes.h">
      <Filter>Header Files</Filter>
    </ClInclude>
    <ClInclude Include=".\qtronic\fmiPlatformTypes.h">
      <Filter>Header Files</Filter>
    </ClInclude>
    <ClInclude Include=".\qtronic\stack.h">
      <Filter>Header Files</Filter>
    </ClInclude>
    <ClInclude Include=".\qtronic\xml_parser.h">
      <Filter>Header Files</Filter>
    </ClInclude>
    <ClInclude Include=".\model\ScalarVariableDataModel.h">
      <Filter>Header Files</Filter>
    </ClInclude>
    <ClInclude Include=".\model\ScalarVariableFactory.h">
      <Filter>Header Files</Filter>
    </ClInclude>
    <ClInclude Include=".\model\ScalarVariableCollection.h">
      <Filter>Header Files</Filter>
    </ClInclude>
    <ClInclude Include=".\model\ScalarValue.h">
      <Filter>Header Files</Filter>
    </ClInclude>
    <ClInclude Include=".\model\ScalarValueCollection.h">
      <Filter>Header Files</Filter>
    </ClInclude>
    <ClInclude Include="controller\MainController.h">
      <Filter>Header Files</Filter>
    </ClInclude>
    <ClInclude Include="model\MainDataModel.h">
      <Filter>Header Files</Filter>
    </ClInclude>
    <ClInclude Include="model\ScalarValueResults.h">
      <Filter>Header Files</Filter>
    </ClInclude>
    <ClInclude Include="model\FmiModelAttributes.h">
      <Filter>Header Files</Filter>
    </ClInclude>
    <ClInclude Include="model\UnitDefinitions.h">
      <Filter>Header Files</Filter>
    </ClInclude>
    <ClInclude Include="model\BaseUnit.h">
      <Filter>Header Files</Filter>
    </ClInclude>
    <ClInclude Include="model\TypeDefinitions.h">
      <Filter>Header Files</Filter>
    </ClInclude>
    <ClInclude Include="model\DisplayUnitDefinition.h">
      <Filter>Header Files</Filter>
    </ClInclude>
  </ItemGroup>
  <ItemGroup>
    <ClCompile Include="dllmain.cpp">
      <Filter>Source Files</Filter>
    </ClCompile>
    <ClCompile Include="JNAfunctions.cpp">
      <Filter>Source Files</Filter>
    </ClCompile>
    <ClCompile Include="Logger.cpp">
      <Filter>Source Files</Filter>
    </ClCompile>
    <ClCompile Include="FMUlogger.cpp">
      <Filter>Source Files</Filter>
    </ClCompile>
    <ClCompile Include="Utils.cpp">
      <Filter>Source Files</Filter>
    </ClCompile>
    <ClCompile Include=".\Config.cpp">
      <Filter>Source Files</Filter>
    </ClCompile>
    <ClCompile Include=".\model\TypeDefFactory.cpp">
      <Filter>Source Files</Filter>
    </ClCompile>
    <ClCompile Include=".\model\MainDataModel.cpp">
      <Filter>Source Files</Filter>
    </ClCompile>
    <ClCompile Include=".\model\ResultOfStep.cpp">
      <Filter>Source Files</Filter>
    </ClCompile>
    <ClCompile Include=".\qtronic\stack.c">
      <Filter>Source Files</Filter>
    </ClCompile>
    <ClCompile Include=".\qtronic\xml_parser.c">
      <Filter>Source Files</Filter>
    </ClCompile>
    <ClCompile Include=".\model\ScalarVariableDataModel.cpp">
      <Filter>Source Files</Filter>
    </ClCompile>
    <ClCompile Include=".\model\ScalarVariableFactory.cpp">
      <Filter>Source Files</Filter>
    </ClCompile>
    <ClCompile Include=".\model\ScalarVariableCollection.cpp">
      <Filter>Source Files</Filter>
    </ClCompile>
    <ClCompile Include=".\model\ScalarValue.cpp">
      <Filter>Source Files</Filter>
    </ClCompile>
    <ClCompile Include=".\model\ScalarValueCollection.cpp">
      <Filter>Source Files</Filter>
    </ClCompile>
    <ClCompile Include="controller\MainController.cpp">
      <Filter>Source Files</Filter>
    </ClCompile>
    <ClCompile Include="model\ScalarValueResults.cpp">
      <Filter>Source Files</Filter>
    </ClCompile>
    <ClCompile Include="model\FmiModelAttributes.cpp">
      <Filter>Source Files</Filter>
    </ClCompile>
    <ClCompile Include="model\UnitDefinitions.cpp">
      <Filter>Source Files</Filter>
    </ClCompile>
    <ClCompile Include="model\BaseUnit.cpp">
      <Filter>Source Files</Filter>
    </ClCompile>
    <ClCompile Include="model\TypeDefinitions.cpp">
      <Filter>Source Files</Filter>
    </ClCompile>
    <ClCompile Include="model\DisplayUnitDefinition.cpp">
      <Filter>Source Files</Filter>
    </ClCompile>
  </ItemGroup>
</Project>